
Microsoft Visual Studio Solution File, Format Version 12.00
# Visual Studio Version 17
VisualStudioVersion = 17.13.35818.85 d17.13
MinimumVisualStudioVersion = 10.0.40219.1
Project("{FAE04EC0-301F-11D3-BF4B-00C04F79EFBC}") = "Windows-whisperer", "Windows-whisperer\Windows-whisperer.csproj", "{DA0369C7-CE11-4519-AEF2-E229C1260CA4}"
EndProject
Global
	GlobalSection(SolutionConfigurationPlatforms) = preSolution
		Debug|Any CPU = Debug|Any CPU
		Release|Any CPU = Release|Any CPU
	EndGlobalSection
	GlobalSection(ProjectConfigurationPlatforms) = postSolution
		{DA0369C7-CE11-4519-AEF2-E229C1260CA4}.Debug|Any CPU.ActiveCfg = Debug|Any CPU
		{DA0369C7-CE11-4519-AEF2-E229C1260CA4}.Debug|Any CPU.Build.0 = Debug|Any CPU
		{DA0369C7-CE11-4519-AEF2-E229C1260CA4}.Release|Any CPU.ActiveCfg = Release|Any CPU
		{DA0369C7-CE11-4519-AEF2-E229C1260CA4}.Release|Any CPU.Build.0 = Release|Any CPU
	EndGlobalSection
	GlobalSection(SolutionProperties) = preSolution
		HideSolutionNode = FALSE
	EndGlobalSection
	GlobalSection(ExtensibilityGlobals) = postSolution
		SolutionGuid = {97B15DE0-E814-41CD-88BD-7BAA3C791D6D}
	EndGlobalSection
EndGlobal
